{
  "name": "strudelism",
  "version": "1.0.0",
  "lockfileVersion": 3,
  "requires": true,
  "packages": {
    "": {
      "name": "strudelism",
      "version": "1.0.0",
      "dependencies": {
        "@strudel/web": "^1.2.5",
        "vite": "^7.1.12"
      }
    },
    "node_modules/@strudel/web": {
      "version": "1.2.5",
      "resolved": "https://registry.npmjs.org/@strudel/web/-/web-1.2.5.tgz",
      "integrity": "sha512-dmNo+Qxpz1lpHxF3k3bNKEAaaYiNHPDYpL5qJeYgxZsd3dlPLM9C3XYgnIRopB+fG3Swb8FuWH0gskbkFgA6IQ==",
      "dependencies": {
        "@strudel/core": "1.2.4",
        "@strudel/mini": "1.2.4",
        "@strudel/tonal": "1.2.4",
        "@strudel/webaudio": "1.2.5",
        "@strudel/transpiler": "1.2.4"
      }
    },
    "node_modules/vite": {
      "version": "7.1.12",
      "resolved": "https://registry.npmjs.org/vite/-/vite-7.1.12.tgz",
      "integrity": "sha512-ZWyE8YXEXqJrrSLvYgrRP7p62OziLW7xI5HYGWFzOvupfAlrLvURSzv/FyGyy0eidogEM3ujU+kUG1zuHgb6Ug=="
    }
  }
}
