{
  "name": "strudelism",
  "version": "1.0.0",
  "lockfileVersion": 3,
  "requires": true,
  "packages": {
    "": {
      "name": "strudelism",
      "version": "1.0.0",
      "license": "ISC",
      "dependencies": {
        "@strudel/web": "^1.2.6",
        "vite": "^5.4.10"
      }
    },
    "node_modules/@strudel/web": {
      "version": "1.2.6",
      "resolved": "https://registry.npmjs.org/@strudel/web/-/web-1.2.6.tgz",
      "integrity": "sha512-e6VltuX90zZz8JVe1FtN23DCaXA9p8zGDakp5OuUb5kZ5hC6cySFkkOsHdGC6dJ0EAsZSCKXMihRxgk9GhBwKA==",
      "dependencies": {
        "@strudel/core": "1.2.5",
        "@strudel/mini": "1.2.5",
        "@strudel/tonal": "1.2.5",
        "@strudel/transpiler": "1.2.5",
        "@strudel/webaudio": "1.2.6"
      }
    },
    "node_modules/vite": {
      "version": "7.1.12",
      "resolved": "https://registry.npmjs.org/vite/-/vite-7.1.12.tgz",
      "integrity": "sha512-ZWyE8YXEXqJrrSLvYgrRP7p62OziLW7xI5HYGWFzOvupfAlrLvURSzv/FyGyy0eidogEM3ujU+kUG1zuHgb6Ug=="
    }
  }
}